
Microsoft Visual Studio Solution File, Format Version 12.00
# Visual Studio Version 17
VisualStudioVersion = 17.14.36221.1
MinimumVisualStudioVersion = 10.0.40219.1
Project("{2150E333-8FDC-42A3-9474-1A3956D46DE8}") = "Core", "Core", "{02EA681E-C7D8-13C7-8484-4AC65E1B71E8}"
EndProject
Project("{2150E333-8FDC-42A3-9474-1A3956D46DE8}") = "Solution Items", "Solution Items", "{8EC462FD-D22E-90A8-E5CE-7E832BA40C5D}"
	ProjectSection(SolutionItems) = preProject
		FutureFeatures.txt = FutureFeatures.txt
		Names.txt = Names.txt
		PointsOfImprove.txt = PointsOfImprove.txt
		Why-WhyNot.txt = Why-WhyNot.txt
	EndProjectSection
EndProject
Project("{2150E333-8FDC-42A3-9474-1A3956D46DE8}") = "App", "App", "{AC38E949-96E9-4D8B-B8AA-9A306489965C}"
EndProject
Project("{2150E333-8FDC-42A3-9474-1A3956D46DE8}") = "API", "API", "{06285009-3384-42EA-B841-E19C997084B3}"
EndProject
Project("{2150E333-8FDC-42A3-9474-1A3956D46DE8}") = "UI", "UI", "{620E0C88-9F6C-4FB5-A71F-23844AFE9BC0}"
EndProject
Project("{2150E333-8FDC-42A3-9474-1A3956D46DE8}") = "Infra", "Infra", "{1C4C085F-A058-43A3-B9AD-D1E46DD805A3}"
EndProject
Project("{FAE04EC0-301F-11D3-BF4B-00C04F79EFBC}") = "7oras.Domain", "7oras.Domain\7oras.Domain.csproj", "{BD8E50F3-24AC-42C7-B496-7ED54A9B3667}"
EndProject
Project("{FAE04EC0-301F-11D3-BF4B-00C04F79EFBC}") = "7oras.Domain.Shared", "7oras.Domain.Shared\7oras.Domain.Shared.csproj", "{3238AB33-3BE6-4308-A80B-B6707F22F9BD}"
EndProject
Project("{FAE04EC0-301F-11D3-BF4B-00C04F79EFBC}") = "7oras.Application", "7oras.Application\7oras.Application.csproj", "{06032C55-F6AB-4D9E-9582-2F8DD43521F2}"
EndProject
Project("{FAE04EC0-301F-11D3-BF4B-00C04F79EFBC}") = "7oras.Application.Shared", "7oras.Application.Shared\7oras.Application.Shared.csproj", "{3FEC7FCE-03C9-44E9-AE26-D325841233AB}"
EndProject
Project("{2150E333-8FDC-42A3-9474-1A3956D46DE8}") = "MVC", "MVC", "{B2ADDDE1-24A2-437D-AA79-EA2B541C1BE0}"
EndProject
Project("{FAE04EC0-301F-11D3-BF4B-00C04F79EFBC}") = "7oras.UI.MVC", "7oras.UI.MVC\7oras.UI.MVC.csproj", "{C375CBE8-56C8-42AC-A48A-4243F54C3B7A}"
EndProject
Project("{FAE04EC0-301F-11D3-BF4B-00C04F79EFBC}") = "7oras.API", "7oras.API\7oras.API.csproj", "{D294EB53-DCE4-4A6E-9805-79510094007E}"
EndProject
Project("{FAE04EC0-301F-11D3-BF4B-00C04F79EFBC}") = "7oras.Infrastructure.EF", "7oras.Infrastructure.EF\7oras.Infrastructure.EF.csproj", "{DEE96D76-87E3-4D3B-A295-3AB34A2F081E}"
EndProject
Project("{FAE04EC0-301F-11D3-BF4B-00C04F79EFBC}") = "7oras.Infrastructure.Integrations", "7oras.Infrastructure.Integrations\7oras.Infrastructure.Integrations.csproj", "{DB445E16-C002-4ADE-853E-34899397C4D0}"
EndProject
Global
	GlobalSection(SolutionConfigurationPlatforms) = preSolution
		Debug|Any CPU = Debug|Any CPU
		Release|Any CPU = Release|Any CPU
	EndGlobalSection
	GlobalSection(ProjectConfigurationPlatforms) = postSolution
		{BD8E50F3-24AC-42C7-B496-7ED54A9B3667}.Debug|Any CPU.ActiveCfg = Debug|Any CPU
		{BD8E50F3-24AC-42C7-B496-7ED54A9B3667}.Debug|Any CPU.Build.0 = Debug|Any CPU
		{BD8E50F3-24AC-42C7-B496-7ED54A9B3667}.Release|Any CPU.ActiveCfg = Release|Any CPU
		{BD8E50F3-24AC-42C7-B496-7ED54A9B3667}.Release|Any CPU.Build.0 = Release|Any CPU
		{3238AB33-3BE6-4308-A80B-B6707F22F9BD}.Debug|Any CPU.ActiveCfg = Debug|Any CPU
		{3238AB33-3BE6-4308-A80B-B6707F22F9BD}.Debug|Any CPU.Build.0 = Debug|Any CPU
		{3238AB33-3BE6-4308-A80B-B6707F22F9BD}.Release|Any CPU.ActiveCfg = Release|Any CPU
		{3238AB33-3BE6-4308-A80B-B6707F22F9BD}.Release|Any CPU.Build.0 = Release|Any CPU
		{06032C55-F6AB-4D9E-9582-2F8DD43521F2}.Debug|Any CPU.ActiveCfg = Debug|Any CPU
		{06032C55-F6AB-4D9E-9582-2F8DD43521F2}.Debug|Any CPU.Build.0 = Debug|Any CPU
		{06032C55-F6AB-4D9E-9582-2F8DD43521F2}.Release|Any CPU.ActiveCfg = Release|Any CPU
		{06032C55-F6AB-4D9E-9582-2F8DD43521F2}.Release|Any CPU.Build.0 = Release|Any CPU
		{3FEC7FCE-03C9-44E9-AE26-D325841233AB}.Debug|Any CPU.ActiveCfg = Debug|Any CPU
		{3FEC7FCE-03C9-44E9-AE26-D325841233AB}.Debug|Any CPU.Build.0 = Debug|Any CPU
		{3FEC7FCE-03C9-44E9-AE26-D325841233AB}.Release|Any CPU.ActiveCfg = Release|Any CPU
		{3FEC7FCE-03C9-44E9-AE26-D325841233AB}.Release|Any CPU.Build.0 = Release|Any CPU
		{C375CBE8-56C8-42AC-A48A-4243F54C3B7A}.Debug|Any CPU.ActiveCfg = Debug|Any CPU
		{C375CBE8-56C8-42AC-A48A-4243F54C3B7A}.Debug|Any CPU.Build.0 = Debug|Any CPU
		{C375CBE8-56C8-42AC-A48A-4243F54C3B7A}.Release|Any CPU.ActiveCfg = Release|Any CPU
		{C375CBE8-56C8-42AC-A48A-4243F54C3B7A}.Release|Any CPU.Build.0 = Release|Any CPU
		{D294EB53-DCE4-4A6E-9805-79510094007E}.Debug|Any CPU.ActiveCfg = Debug|Any CPU
		{D294EB53-DCE4-4A6E-9805-79510094007E}.Debug|Any CPU.Build.0 = Debug|Any CPU
		{D294EB53-DCE4-4A6E-9805-79510094007E}.Release|Any CPU.ActiveCfg = Release|Any CPU
		{D294EB53-DCE4-4A6E-9805-79510094007E}.Release|Any CPU.Build.0 = Release|Any CPU
		{DEE96D76-87E3-4D3B-A295-3AB34A2F081E}.Debug|Any CPU.ActiveCfg = Debug|Any CPU
		{DEE96D76-87E3-4D3B-A295-3AB34A2F081E}.Debug|Any CPU.Build.0 = Debug|Any CPU
		{DEE96D76-87E3-4D3B-A295-3AB34A2F081E}.Release|Any CPU.ActiveCfg = Release|Any CPU
		{DEE96D76-87E3-4D3B-A295-3AB34A2F081E}.Release|Any CPU.Build.0 = Release|Any CPU
		{DB445E16-C002-4ADE-853E-34899397C4D0}.Debug|Any CPU.ActiveCfg = Debug|Any CPU
		{DB445E16-C002-4ADE-853E-34899397C4D0}.Debug|Any CPU.Build.0 = Debug|Any CPU
		{DB445E16-C002-4ADE-853E-34899397C4D0}.Release|Any CPU.ActiveCfg = Release|Any CPU
		{DB445E16-C002-4ADE-853E-34899397C4D0}.Release|Any CPU.Build.0 = Release|Any CPU
	EndGlobalSection
	GlobalSection(SolutionProperties) = preSolution
		HideSolutionNode = FALSE
	EndGlobalSection
	GlobalSection(NestedProjects) = preSolution
		{BD8E50F3-24AC-42C7-B496-7ED54A9B3667} = {02EA681E-C7D8-13C7-8484-4AC65E1B71E8}
		{3238AB33-3BE6-4308-A80B-B6707F22F9BD} = {02EA681E-C7D8-13C7-8484-4AC65E1B71E8}
		{06032C55-F6AB-4D9E-9582-2F8DD43521F2} = {AC38E949-96E9-4D8B-B8AA-9A306489965C}
		{3FEC7FCE-03C9-44E9-AE26-D325841233AB} = {AC38E949-96E9-4D8B-B8AA-9A306489965C}
		{B2ADDDE1-24A2-437D-AA79-EA2B541C1BE0} = {620E0C88-9F6C-4FB5-A71F-23844AFE9BC0}
		{C375CBE8-56C8-42AC-A48A-4243F54C3B7A} = {B2ADDDE1-24A2-437D-AA79-EA2B541C1BE0}
		{D294EB53-DCE4-4A6E-9805-79510094007E} = {06285009-3384-42EA-B841-E19C997084B3}
		{DEE96D76-87E3-4D3B-A295-3AB34A2F081E} = {1C4C085F-A058-43A3-B9AD-D1E46DD805A3}
		{DB445E16-C002-4ADE-853E-34899397C4D0} = {1C4C085F-A058-43A3-B9AD-D1E46DD805A3}
	EndGlobalSection
	GlobalSection(ExtensibilityGlobals) = postSolution
		SolutionGuid = {AE49959E-B28C-4217-99FC-DD5253F1B6CF}
	EndGlobalSection
EndGlobal
